
Microsoft Visual Studio Solution File, Format Version 12.00
# Visual Studio Version 17
VisualStudioVersion = 17.8.34330.188
MinimumVisualStudioVersion = 10.0.40219.1
Project("{FAE04EC0-301F-11D3-BF4B-00C04F79EFBC}") = "ConvertLib", "ConvertLib\ConvertLib.csproj", "{86F7677C-1319-45E6-862F-72D38B651A50}"
EndProject
Global
	GlobalSection(SolutionConfigurationPlatforms) = preSolution
		Debug|Any CPU = Debug|Any CPU
		Release|Any CPU = Release|Any CPU
	EndGlobalSection
	GlobalSection(ProjectConfigurationPlatforms) = postSolution
		{86F7677C-1319-45E6-862F-72D38B651A50}.Debug|Any CPU.ActiveCfg = Debug|Any CPU
		{86F7677C-1319-45E6-862F-72D38B651A50}.Debug|Any CPU.Build.0 = Debug|Any CPU
		{86F7677C-1319-45E6-862F-72D38B651A50}.Release|Any CPU.ActiveCfg = Release|Any CPU
		{86F7677C-1319-45E6-862F-72D38B651A50}.Release|Any CPU.Build.0 = Release|Any CPU
	EndGlobalSection
	GlobalSection(SolutionProperties) = preSolution
		HideSolutionNode = FALSE
	EndGlobalSection
	GlobalSection(ExtensibilityGlobals) = postSolution
		SolutionGuid = {C5D16E0A-E6CA-4821-94F8-6CAAC9A0A746}
	EndGlobalSection
EndGlobal
